
Microsoft Visual Studio Solution File, Format Version 12.00
# Visual Studio Version 16
VisualStudioVersion = 16.0.31105.61
MinimumVisualStudioVersion = 10.0.40219.1
Project("{9A19103F-16F7-4668-BE54-9A1E7A4F7556}") = "WebService", "WebService\WebService.csproj", "{9DFE1DEA-F14C-4DCD-BDD1-2300C635E75F}"
EndProject
Project("{9A19103F-16F7-4668-BE54-9A1E7A4F7556}") = "Core", "Core\Core.csproj", "{CCD6D9D2-49DA-4FB3-B735-109C906B0277}"
EndProject
Project("{9A19103F-16F7-4668-BE54-9A1E7A4F7556}") = "DomainServices", "DomainService\DomainServices.csproj", "{893BF450-9A30-4744-AB33-1F235BFF5B49}"
EndProject
Project("{9A19103F-16F7-4668-BE54-9A1E7A4F7556}") = "Services", "Services\Services.csproj", "{E9702B18-0656-494A-880F-C30E965DFD90}"
EndProject
Project("{FAE04EC0-301F-11D3-BF4B-00C04F79EFBC}") = "Identity", "Identity\Identity.csproj", "{9726AE1B-E7FB-4E3A-8541-545BFC329427}"
EndProject
Global
	GlobalSection(SolutionConfigurationPlatforms) = preSolution
		Debug|Any CPU = Debug|Any CPU
		Release|Any CPU = Release|Any CPU
	EndGlobalSection
	GlobalSection(ProjectConfigurationPlatforms) = postSolution
		{9DFE1DEA-F14C-4DCD-BDD1-2300C635E75F}.Debug|Any CPU.ActiveCfg = Debug|Any CPU
		{9DFE1DEA-F14C-4DCD-BDD1-2300C635E75F}.Debug|Any CPU.Build.0 = Debug|Any CPU
		{9DFE1DEA-F14C-4DCD-BDD1-2300C635E75F}.Release|Any CPU.ActiveCfg = Release|Any CPU
		{9DFE1DEA-F14C-4DCD-BDD1-2300C635E75F}.Release|Any CPU.Build.0 = Release|Any CPU
		{CCD6D9D2-49DA-4FB3-B735-109C906B0277}.Debug|Any CPU.ActiveCfg = Debug|Any CPU
		{CCD6D9D2-49DA-4FB3-B735-109C906B0277}.Debug|Any CPU.Build.0 = Debug|Any CPU
		{CCD6D9D2-49DA-4FB3-B735-109C906B0277}.Release|Any CPU.ActiveCfg = Release|Any CPU
		{CCD6D9D2-49DA-4FB3-B735-109C906B0277}.Release|Any CPU.Build.0 = Release|Any CPU
		{893BF450-9A30-4744-AB33-1F235BFF5B49}.Debug|Any CPU.ActiveCfg = Debug|Any CPU
		{893BF450-9A30-4744-AB33-1F235BFF5B49}.Debug|Any CPU.Build.0 = Debug|Any CPU
		{893BF450-9A30-4744-AB33-1F235BFF5B49}.Release|Any CPU.ActiveCfg = Release|Any CPU
		{893BF450-9A30-4744-AB33-1F235BFF5B49}.Release|Any CPU.Build.0 = Release|Any CPU
		{E9702B18-0656-494A-880F-C30E965DFD90}.Debug|Any CPU.ActiveCfg = Debug|Any CPU
		{E9702B18-0656-494A-880F-C30E965DFD90}.Debug|Any CPU.Build.0 = Debug|Any CPU
		{E9702B18-0656-494A-880F-C30E965DFD90}.Release|Any CPU.ActiveCfg = Release|Any CPU
		{E9702B18-0656-494A-880F-C30E965DFD90}.Release|Any CPU.Build.0 = Release|Any CPU
		{9726AE1B-E7FB-4E3A-8541-545BFC329427}.Debug|Any CPU.ActiveCfg = Debug|Any CPU
		{9726AE1B-E7FB-4E3A-8541-545BFC329427}.Debug|Any CPU.Build.0 = Debug|Any CPU
		{9726AE1B-E7FB-4E3A-8541-545BFC329427}.Release|Any CPU.ActiveCfg = Release|Any CPU
		{9726AE1B-E7FB-4E3A-8541-545BFC329427}.Release|Any CPU.Build.0 = Release|Any CPU
	EndGlobalSection
	GlobalSection(SolutionProperties) = preSolution
		HideSolutionNode = FALSE
	EndGlobalSection
	GlobalSection(ExtensibilityGlobals) = postSolution
		SolutionGuid = {F3A8000F-34C9-4F1A-839A-C78C65BF5626}
	EndGlobalSection
EndGlobal
